PODS:
  - AIVVideoView (1.0.1)
  - SDWebImage (5.21.7):
    - SDWebImage/Core (= 5.21.7)
  - SDWebImage/Core (5.21.7)

DEPENDENCIES:
  - AIVVideoView (from `../`)
  - SDWebImage

SPEC REPOS:
  trunk:
    - SDWebImage

EXTERNAL SOURCES:
  AIVVideoView:
    :path: "../"

SPEC CHECKSUMS:
  AIVVideoView: 581f5b390c7b79113fe54686f5e73c6c5f3c7b5e
  SDWebImage: e9fc87c1aab89a8ab1bbd74eba378c6f53be8abf

PODFILE CHECKSUM: 5d0a8987fd1c023f2b98b19831c4b5a7778fff47

COCOAPODS: 1.16.2
